
Microsoft Visual Studio Solution File, Format Version 12.00
# Visual Studio 14
VisualStudioVersion = 14.0.25420.1
MinimumVisualStudioVersion = 10.0.40219.1
Project("{FAE04EC0-301F-11D3-BF4B-00C04F79EFBC}") = "LogAnalyzer", "LogAnalyzer.csproj", "{79A15176-65A8-4892-975A-C055F4BB1A59}"
EndProject
Project("{FAE04EC0-301F-11D3-BF4B-00C04F79EFBC}") = "LogAnalyzer.UnitTests", "LogAnalyzer.UnitTests\LogAnalyzer.UnitTests.csproj", "{F8123909-357C-469F-9037-92222D89E681}"
EndProject
Global
	GlobalSection(SolutionConfigurationPlatforms) = preSolution
		Debug|Any CPU = Debug|Any CPU
		Release|Any CPU = Release|Any CPU
	EndGlobalSection
	GlobalSection(ProjectConfigurationPlatforms) = postSolution
		{79A15176-65A8-4892-975A-C055F4BB1A59}.Debug|Any CPU.ActiveCfg = Debug|Any CPU
		{79A15176-65A8-4892-975A-C055F4BB1A59}.Debug|Any CPU.Build.0 = Debug|Any CPU
		{79A15176-65A8-4892-975A-C055F4BB1A59}.Release|Any CPU.ActiveCfg = Release|Any CPU
		{79A15176-65A8-4892-975A-C055F4BB1A59}.Release|Any CPU.Build.0 = Release|Any CPU
		{F8123909-357C-469F-9037-92222D89E681}.Debug|Any CPU.ActiveCfg = Debug|Any CPU
		{F8123909-357C-469F-9037-92222D89E681}.Debug|Any CPU.Build.0 = Debug|Any CPU
		{F8123909-357C-469F-9037-92222D89E681}.Release|Any CPU.ActiveCfg = Release|Any CPU
		{F8123909-357C-469F-9037-92222D89E681}.Release|Any CPU.Build.0 = Release|Any CPU
	EndGlobalSection
	GlobalSection(SolutionProperties) = preSolution
		HideSolutionNode = FALSE
	EndGlobalSection
EndGlobal
